
Microsoft Visual Studio Solution File, Format Version 11.00
# Visual Studio 2010
Project("{FAE04EC0-301F-11D3-BF4B-00C04F79EFBC}") = "Assembly-CSharp", "Assembly-CSharp.csproj", "{9FCFDF7B-71BF-0685-CB18-D11419EAEBC5}"
EndProject
Project("{FAE04EC0-301F-11D3-BF4B-00C04F79EFBC}") = "Assembly-CSharp-firstpass", "Assembly-CSharp-firstpass.csproj", "{1BC9DB37-7D94-C1A3-F4C7-B0403C7691B4}"
EndProject
Project("{FAE04EC0-301F-11D3-BF4B-00C04F79EFBC}") = "Assembly-CSharp-Editor", "Assembly-CSharp-Editor.csproj", "{6D1A8B58-CA24-71D1-E504-B4D317A0FCD2}"
EndProject
Global
	GlobalSection(SolutionConfigurationPlatforms) = preSolution
		Debug|Any CPU = Debug|Any CPU
		Release|Any CPU = Release|Any CPU
	EndGlobalSection
	GlobalSection(ProjectConfigurationPlatforms) = postSolution
		{9FCFDF7B-71BF-0685-CB18-D11419EAEBC5}.Debug|Any CPU.ActiveCfg = Debug|Any CPU
		{9FCFDF7B-71BF-0685-CB18-D11419EAEBC5}.Debug|Any CPU.Build.0 = Debug|Any CPU
		{9FCFDF7B-71BF-0685-CB18-D11419EAEBC5}.Release|Any CPU.ActiveCfg = Release|Any CPU
		{9FCFDF7B-71BF-0685-CB18-D11419EAEBC5}.Release|Any CPU.Build.0 = Release|Any CPU
		{1BC9DB37-7D94-C1A3-F4C7-B0403C7691B4}.Debug|Any CPU.ActiveCfg = Debug|Any CPU
		{1BC9DB37-7D94-C1A3-F4C7-B0403C7691B4}.Debug|Any CPU.Build.0 = Debug|Any CPU
		{1BC9DB37-7D94-C1A3-F4C7-B0403C7691B4}.Release|Any CPU.ActiveCfg = Release|Any CPU
		{1BC9DB37-7D94-C1A3-F4C7-B0403C7691B4}.Release|Any CPU.Build.0 = Release|Any CPU
		{6D1A8B58-CA24-71D1-E504-B4D317A0FCD2}.Debug|Any CPU.ActiveCfg = Debug|Any CPU
		{6D1A8B58-CA24-71D1-E504-B4D317A0FCD2}.Debug|Any CPU.Build.0 = Debug|Any CPU
		{6D1A8B58-CA24-71D1-E504-B4D317A0FCD2}.Release|Any CPU.ActiveCfg = Release|Any CPU
		{6D1A8B58-CA24-71D1-E504-B4D317A0FCD2}.Release|Any CPU.Build.0 = Release|Any CPU
	EndGlobalSection
	GlobalSection(SolutionProperties) = preSolution
		HideSolutionNode = FALSE
	EndGlobalSection
EndGlobal
